
Microsoft Visual Studio Solution File, Format Version 12.00
# Visual Studio Version 17
VisualStudioVersion = 17.1.32328.378
MinimumVisualStudioVersion = 10.0.40219.1
Project("{FAE04EC0-301F-11D3-BF4B-00C04F79EFBC}") = "EmployeeManagment", "EmployeeManagment\EmployeeManagment.csproj", "{4795FD79-5ED7-4D8E-A1D9-0C17C7BCE938}"
EndProject
Global
	GlobalSection(SolutionConfigurationPlatforms) = preSolution
		Debug|Any CPU = Debug|Any CPU
		Release|Any CPU = Release|Any CPU
	EndGlobalSection
	GlobalSection(ProjectConfigurationPlatforms) = postSolution
		{4795FD79-5ED7-4D8E-A1D9-0C17C7BCE938}.Debug|Any CPU.ActiveCfg = Debug|Any CPU
		{4795FD79-5ED7-4D8E-A1D9-0C17C7BCE938}.Debug|Any CPU.Build.0 = Debug|Any CPU
		{4795FD79-5ED7-4D8E-A1D9-0C17C7BCE938}.Release|Any CPU.ActiveCfg = Release|Any CPU
		{4795FD79-5ED7-4D8E-A1D9-0C17C7BCE938}.Release|Any CPU.Build.0 = Release|Any CPU
	EndGlobalSection
	GlobalSection(SolutionProperties) = preSolution
		HideSolutionNode = FALSE
	EndGlobalSection
	GlobalSection(ExtensibilityGlobals) = postSolution
		SolutionGuid = {D37BA1FA-3308-436A-A26F-93B481E9D3D2}
	EndGlobalSection
EndGlobal
